{
  "name": "sandpack",
  "version": "1.0.0",
  "lockfileVersion": 1,
  "requires": true,
  "dependencies": {
    "arithmetic": {
      "version": "1.0.1",
      "resolved": "https://registry.npmjs.org/arithmetic/-/arithmetic-1.0.1.tgz",
      "integrity": "sha1-X/3Oe7AF9e9EVtNLGMOryzKuBFs=",
      "requires": {
        "is-numeric": "0.0.3"
      }
    },
    "binaryextensions": {
      "version": "2.1.1",
      "resolved": "https://registry.npmjs.org/binaryextensions/-/binaryextensions-2.1.1.tgz",
      "integrity": "sha512-XBaoWE9RW8pPdPQNibZsW2zh8TW6gcarXp1FZPwT8Uop8ScSNldJEWf2k9l3HeTqdrEwsOsFcq74RiJECW34yA=="
    },
    "codesandbox-api": {
      "version": "0.0.19",
      "resolved": "https://registry.npmjs.org/codesandbox-api/-/codesandbox-api-0.0.19.tgz",
      "integrity": "sha512-UqZjdHQQY6O4N0WxJSSohzpoc25UPHpNwytMAohyS7cgafEZQhVQyf5LXxtflASlnJnfPpp94xDhLyTh9XktBA==",
      "requires": {
        "uuid": "^3.3.2"
      }
    },
    "codesandbox-import-util-types": {
      "version": "1.2.16",
      "resolved": "https://registry.npmjs.org/codesandbox-import-util-types/-/codesandbox-import-util-types-1.2.16.tgz",
      "integrity": "sha512-fCrAKDVXDIJpZCG5KvzA06UJqTXeBwyNtn+dsGJYS0tt2cv+qFHHKBG6r8gjZsK5YSAEd/2wBI9laSWI1YAW9Q=="
    },
    "codesandbox-import-utils": {
      "version": "1.2.16",
      "resolved": "https://registry.npmjs.org/codesandbox-import-utils/-/codesandbox-import-utils-1.2.16.tgz",
      "integrity": "sha512-PO8anOv0y6wUs+ZLiWh0sjwlya4wMlK+U0ZHIDv7p2rUsq0/BZ8ekLN3GHvafZksbyBHZTPWvm5FZIvr7k/jGA==",
      "requires": {
        "codesandbox-import-util-types": "^1.2.16",
        "istextorbinary": "^2.2.1",
        "lz-string": "^1.4.4"
      }
    },
    "editions": {
      "version": "1.3.4",
      "resolved": "https://registry.npmjs.org/editions/-/editions-1.3.4.tgz",
      "integrity": "sha512-gzao+mxnYDzIysXKMQi/+M1mjy/rjestjg6OPoYTtI+3Izp23oiGZitsl9lPDPiTGXbcSIk1iJWhliSaglxnUg=="
    },
    "is-numeric": {
      "version": "0.0.3",
      "resolved": "https://registry.npmjs.org/is-numeric/-/is-numeric-0.0.3.tgz",
      "integrity": "sha1-fTyAAs3ACszqzqcN1Xk0nrdF3io="
    },
    "istextorbinary": {
      "version": "2.2.1",
      "resolved": "https://registry.npmjs.org/istextorbinary/-/istextorbinary-2.2.1.tgz",
      "integrity": "sha512-TS+hoFl8Z5FAFMK38nhBkdLt44CclNRgDHWeMgsV8ko3nDlr/9UI2Sf839sW7enijf8oKsZYXRvM8g0it9Zmcw==",
      "requires": {
        "binaryextensions": "2",
        "editions": "^1.3.3",
        "textextensions": "2"
      }
    },
    "lodash.isequal": {
      "version": "4.5.0",
      "resolved": "https://registry.npmjs.org/lodash.isequal/-/lodash.isequal-4.5.0.tgz",
      "integrity": "sha1-QVxEePK8wwEgwizhDtMib30+GOA="
    },
    "lz-string": {
      "version": "1.4.4",
      "resolved": "https://registry.npmjs.org/lz-string/-/lz-string-1.4.4.tgz",
      "integrity": "sha1-wNjq82BZ9wV5bh40SBHPTEmNOiY="
    },
    "repeat-string": {
      "version": "1.6.1",
      "resolved": "https://registry.npmjs.org/repeat-string/-/repeat-string-1.6.1.tgz",
      "integrity": "sha1-jcrkcOHIirwtYA//Sndihtp15jc="
    },
    "smooshpack": {
      "version": "0.0.49",
      "resolved": "https://registry.npmjs.org/smooshpack/-/smooshpack-0.0.49.tgz",
      "integrity": "sha512-BBHwUPOSCDk1n1+8666iR2pAFdoBA1+CFkfMWRDIK8wjEYI+yT782gOJmn4l442qkOPY2Th7cdzEkqKrWNuzXw==",
      "requires": {
        "codesandbox-api": "^0.0.19",
        "codesandbox-import-utils": "^1.2.3",
        "lodash.isequal": "^4.5.0"
      }
    },
    "textextensions": {
      "version": "2.2.0",
      "resolved": "https://registry.npmjs.org/textextensions/-/textextensions-2.2.0.tgz",
      "integrity": "sha512-j5EMxnryTvKxwH2Cq+Pb43tsf6sdEgw6Pdwxk83mPaq0ToeFJt6WE4J3s5BqY7vmjlLgkgXvhtXUxo80FyBhCA=="
    },
    "uuid": {
      "version": "3.3.2",
      "resolved": "https://registry.npmjs.org/uuid/-/uuid-3.3.2.tgz",
      "integrity": "sha512-yXJmeNaw3DnnKAOKJE51sL/ZaYfWJRl1pK9dr19YFCu0ObS231AB1/LbqTKRAQ5kw8A90rA6fr4riOUpTZvQZA=="
    }
  }
}
